{
  "name": "glicol",
  "version": "0.2.9",
  "lockfileVersion": 2,
  "requires": true,
  "packages": {
    "": {
      "name": "glicol",
      "version": "0.2.9",
      "license": "MIT",
      "dependencies": {
        "@strudel.cycles/core": "^0.0.3"
      }
    },
    "node_modules/@strudel.cycles/core": {
      "version": "0.0.3",
      "resolved": "https://registry.npmjs.org/@strudel.cycles/core/-/core-0.0.3.tgz",
      "integrity": "sha512-r0vc6QGUkS8iDbeTVqufKKzFexWuGhjeYVoxZ7FIF/i3iDLfZQqxXDYOMs2xahF8CdOQ7oZR1I5bq0gg/67rXg==",
      "dependencies": {
        "bjork": "^0.0.1",
        "fraction.js": "^4.2.0",
        "ramda": "^0.28.0"
      }
    },
    "node_modules/bjork": {
      "version": "0.0.1",
      "resolved": "https://registry.npmjs.org/bjork/-/bjork-0.0.1.tgz",
      "integrity": "sha1-br1a3pkWSwvgMIeI1kaRQ9XJrZw="
    },
    "node_modules/fraction.js": {
      "version": "4.2.0",
      "resolved": "https://registry.npmjs.org/fraction.js/-/fraction.js-4.2.0.tgz",
      "integrity": "sha512-MhLuK+2gUcnZe8ZHlaaINnQLl0xRIGRfcGk2yl8xoQAfHrSsL3rYu6FCmBdkdbhc9EPlwyGHewaRsvwRMJtAlA==",
      "engines": {
        "node": "*"
      },
      "funding": {
        "type": "patreon",
        "url": "https://www.patreon.com/infusion"
      }
    },
    "node_modules/ramda": {
      "version": "0.28.0",
      "resolved": "https://registry.npmjs.org/ramda/-/ramda-0.28.0.tgz",
      "integrity": "sha512-9QnLuG/kPVgWvMQ4aODhsBUFKOUmnbUnsSXACv+NCQZcHbeb+v8Lodp8OVxtRULN1/xOyYLLaL6npE6dMq5QTA==",
      "funding": {
        "type": "opencollective",
        "url": "https://opencollective.com/ramda"
      }
    }
  },
  "dependencies": {
    "@strudel.cycles/core": {
      "version": "0.0.3",
      "resolved": "https://registry.npmjs.org/@strudel.cycles/core/-/core-0.0.3.tgz",
      "integrity": "sha512-r0vc6QGUkS8iDbeTVqufKKzFexWuGhjeYVoxZ7FIF/i3iDLfZQqxXDYOMs2xahF8CdOQ7oZR1I5bq0gg/67rXg==",
      "requires": {
        "bjork": "^0.0.1",
        "fraction.js": "^4.2.0",
        "ramda": "^0.28.0"
      }
    },
    "bjork": {
      "version": "0.0.1",
      "resolved": "https://registry.npmjs.org/bjork/-/bjork-0.0.1.tgz",
      "integrity": "sha1-br1a3pkWSwvgMIeI1kaRQ9XJrZw="
    },
    "fraction.js": {
      "version": "4.2.0",
      "resolved": "https://registry.npmjs.org/fraction.js/-/fraction.js-4.2.0.tgz",
      "integrity": "sha512-MhLuK+2gUcnZe8ZHlaaINnQLl0xRIGRfcGk2yl8xoQAfHrSsL3rYu6FCmBdkdbhc9EPlwyGHewaRsvwRMJtAlA=="
    },
    "ramda": {
      "version": "0.28.0",
      "resolved": "https://registry.npmjs.org/ramda/-/ramda-0.28.0.tgz",
      "integrity": "sha512-9QnLuG/kPVgWvMQ4aODhsBUFKOUmnbUnsSXACv+NCQZcHbeb+v8Lodp8OVxtRULN1/xOyYLLaL6npE6dMq5QTA=="
    }
  }
}
